
Microsoft Visual Studio Solution File, Format Version 12.00
# Visual Studio Version 17
VisualStudioVersion = 17.0.31808.319
MinimumVisualStudioVersion = 10.0.40219.1
Project("{F184B08F-C81C-45F6-A57F-5ABD9991F28F}") = "Proyecto_Final", "Proyecto_Final\Proyecto_Final.vbproj", "{99C253DA-8FBF-4EDB-A8C3-2359FAB23A13}"
EndProject
Project("{F184B08F-C81C-45F6-A57F-5ABD9991F28F}") = "ModuloFacturacion", "ModuloFacturacion\ModuloFacturacion.vbproj", "{DF0FDFD6-473E-4023-B6C7-09B547E6FB2E}"
EndProject
Project("{F184B08F-C81C-45F6-A57F-5ABD9991F28F}") = "ModuloInventario", "ModuloInventario\ModuloInventario.vbproj", "{B1D9D9D2-3F15-4A79-8076-A901096BBC2B}"
EndProject
Project("{F184B08F-C81C-45F6-A57F-5ABD9991F28F}") = "ModuloClientes", "ModuloClientes\ModuloClientes.vbproj", "{DBA138F6-69BA-4DC6-AFF2-DA35C7C90A74}"
EndProject
Project("{F184B08F-C81C-45F6-A57F-5ABD9991F28F}") = "ModuloReportes", "ModuloReportes\ModuloReportes.vbproj", "{D579D45F-398D-4CBB-A3B2-FC79D12DDDA7}"
EndProject
Project("{F184B08F-C81C-45F6-A57F-5ABD9991F28F}") = "Modulo_Conexion", "Modulo_Conexion\Modulo_Conexion.vbproj", "{C0C6961B-4614-4A46-B5E5-FE8FAEC4DBE1}"
EndProject
Project("{F184B08F-C81C-45F6-A57F-5ABD9991F28F}") = "Modulo_Administracion", "Modulo_Administracion\Modulo_Administracion.vbproj", "{0CD02962-748B-4ADC-9D93-A79C7F1AFDFD}"
EndProject
Global
	GlobalSection(SolutionConfigurationPlatforms) = preSolution
		Debug|Any CPU = Debug|Any CPU
		Release|Any CPU = Release|Any CPU
	EndGlobalSection
	GlobalSection(ProjectConfigurationPlatforms) = postSolution
		{99C253DA-8FBF-4EDB-A8C3-2359FAB23A13}.Debug|Any CPU.ActiveCfg = Debug|Any CPU
		{99C253DA-8FBF-4EDB-A8C3-2359FAB23A13}.Debug|Any CPU.Build.0 = Debug|Any CPU
		{99C253DA-8FBF-4EDB-A8C3-2359FAB23A13}.Release|Any CPU.ActiveCfg = Release|Any CPU
		{99C253DA-8FBF-4EDB-A8C3-2359FAB23A13}.Release|Any CPU.Build.0 = Release|Any CPU
		{DF0FDFD6-473E-4023-B6C7-09B547E6FB2E}.Debug|Any CPU.ActiveCfg = Debug|Any CPU
		{DF0FDFD6-473E-4023-B6C7-09B547E6FB2E}.Debug|Any CPU.Build.0 = Debug|Any CPU
		{DF0FDFD6-473E-4023-B6C7-09B547E6FB2E}.Release|Any CPU.ActiveCfg = Release|Any CPU
		{DF0FDFD6-473E-4023-B6C7-09B547E6FB2E}.Release|Any CPU.Build.0 = Release|Any CPU
		{B1D9D9D2-3F15-4A79-8076-A901096BBC2B}.Debug|Any CPU.ActiveCfg = Debug|Any CPU
		{B1D9D9D2-3F15-4A79-8076-A901096BBC2B}.Debug|Any CPU.Build.0 = Debug|Any CPU
		{B1D9D9D2-3F15-4A79-8076-A901096BBC2B}.Release|Any CPU.ActiveCfg = Release|Any CPU
		{B1D9D9D2-3F15-4A79-8076-A901096BBC2B}.Release|Any CPU.Build.0 = Release|Any CPU
		{DBA138F6-69BA-4DC6-AFF2-DA35C7C90A74}.Debug|Any CPU.ActiveCfg = Debug|Any CPU
		{DBA138F6-69BA-4DC6-AFF2-DA35C7C90A74}.Debug|Any CPU.Build.0 = Debug|Any CPU
		{DBA138F6-69BA-4DC6-AFF2-DA35C7C90A74}.Release|Any CPU.ActiveCfg = Release|Any CPU
		{DBA138F6-69BA-4DC6-AFF2-DA35C7C90A74}.Release|Any CPU.Build.0 = Release|Any CPU
		{D579D45F-398D-4CBB-A3B2-FC79D12DDDA7}.Debug|Any CPU.ActiveCfg = Debug|Any CPU
		{D579D45F-398D-4CBB-A3B2-FC79D12DDDA7}.Debug|Any CPU.Build.0 = Debug|Any CPU
		{D579D45F-398D-4CBB-A3B2-FC79D12DDDA7}.Release|Any CPU.ActiveCfg = Release|Any CPU
		{D579D45F-398D-4CBB-A3B2-FC79D12DDDA7}.Release|Any CPU.Build.0 = Release|Any CPU
		{C0C6961B-4614-4A46-B5E5-FE8FAEC4DBE1}.Debug|Any CPU.ActiveCfg = Debug|Any CPU
		{C0C6961B-4614-4A46-B5E5-FE8FAEC4DBE1}.Debug|Any CPU.Build.0 = Debug|Any CPU
		{C0C6961B-4614-4A46-B5E5-FE8FAEC4DBE1}.Release|Any CPU.ActiveCfg = Release|Any CPU
		{C0C6961B-4614-4A46-B5E5-FE8FAEC4DBE1}.Release|Any CPU.Build.0 = Release|Any CPU
		{0CD02962-748B-4ADC-9D93-A79C7F1AFDFD}.Debug|Any CPU.ActiveCfg = Debug|Any CPU
		{0CD02962-748B-4ADC-9D93-A79C7F1AFDFD}.Debug|Any CPU.Build.0 = Debug|Any CPU
		{0CD02962-748B-4ADC-9D93-A79C7F1AFDFD}.Release|Any CPU.ActiveCfg = Release|Any CPU
		{0CD02962-748B-4ADC-9D93-A79C7F1AFDFD}.Release|Any CPU.Build.0 = Release|Any CPU
	EndGlobalSection
	GlobalSection(SolutionProperties) = preSolution
		HideSolutionNode = FALSE
	EndGlobalSection
	GlobalSection(ExtensibilityGlobals) = postSolution
		SolutionGuid = {ED0DAD69-D9DE-4D8A-BDCF-94E22D3AAD6E}
	EndGlobalSection
EndGlobal
